
Microsoft Visual Studio Solution File, Format Version 12.00
# Visual Studio 14
VisualStudioVersion = 14.0.25420.1
MinimumVisualStudioVersion = 10.0.40219.1
Project("{FAE04EC0-301F-11D3-BF4B-00C04F79EFBC}") = "Illallangi.OpenFlights.PowerShell", "Illallangi.OpenFlights.PowerShell\Illallangi.OpenFlights.PowerShell.csproj", "{5E2E0452-1F52-46A0-A806-D63FA2500A75}"
EndProject
Project("{FAE04EC0-301F-11D3-BF4B-00C04F79EFBC}") = "Illallangi.OpenFlights.Client", "Illallangi.OpenFlights.Client\Illallangi.OpenFlights.Client.csproj", "{84257220-FB6E-48C2-ADB3-5297C87EE2C1}"
EndProject
Project("{FAE04EC0-301F-11D3-BF4B-00C04F79EFBC}") = "Illallangi.OpenFlights.Model", "Illallangi.OpenFlights.Model\Illallangi.OpenFlights.Model.csproj", "{21D2B671-E48E-4445-B71E-241A828C516C}"
EndProject
Project("{FAE04EC0-301F-11D3-BF4B-00C04F79EFBC}") = "Illallangi.RestifyDb", "Illallangi.RestifyDb\Illallangi.RestifyDb.csproj", "{DAF20239-506F-4FBA-A82C-A8DF377E5838}"
EndProject
Global
	GlobalSection(SolutionConfigurationPlatforms) = preSolution
		Debug|Any CPU = Debug|Any CPU
		Release|Any CPU = Release|Any CPU
	EndGlobalSection
	GlobalSection(ProjectConfigurationPlatforms) = postSolution
		{5E2E0452-1F52-46A0-A806-D63FA2500A75}.Debug|Any CPU.ActiveCfg = Debug|Any CPU
		{5E2E0452-1F52-46A0-A806-D63FA2500A75}.Debug|Any CPU.Build.0 = Debug|Any CPU
		{5E2E0452-1F52-46A0-A806-D63FA2500A75}.Release|Any CPU.ActiveCfg = Release|Any CPU
		{5E2E0452-1F52-46A0-A806-D63FA2500A75}.Release|Any CPU.Build.0 = Release|Any CPU
		{84257220-FB6E-48C2-ADB3-5297C87EE2C1}.Debug|Any CPU.ActiveCfg = Debug|Any CPU
		{84257220-FB6E-48C2-ADB3-5297C87EE2C1}.Debug|Any CPU.Build.0 = Debug|Any CPU
		{84257220-FB6E-48C2-ADB3-5297C87EE2C1}.Release|Any CPU.ActiveCfg = Release|Any CPU
		{84257220-FB6E-48C2-ADB3-5297C87EE2C1}.Release|Any CPU.Build.0 = Release|Any CPU
		{21D2B671-E48E-4445-B71E-241A828C516C}.Debug|Any CPU.ActiveCfg = Debug|Any CPU
		{21D2B671-E48E-4445-B71E-241A828C516C}.Debug|Any CPU.Build.0 = Debug|Any CPU
		{21D2B671-E48E-4445-B71E-241A828C516C}.Release|Any CPU.ActiveCfg = Release|Any CPU
		{21D2B671-E48E-4445-B71E-241A828C516C}.Release|Any CPU.Build.0 = Release|Any CPU
		{DAF20239-506F-4FBA-A82C-A8DF377E5838}.Debug|Any CPU.ActiveCfg = Debug|Any CPU
		{DAF20239-506F-4FBA-A82C-A8DF377E5838}.Debug|Any CPU.Build.0 = Debug|Any CPU
		{DAF20239-506F-4FBA-A82C-A8DF377E5838}.Release|Any CPU.ActiveCfg = Release|Any CPU
		{DAF20239-506F-4FBA-A82C-A8DF377E5838}.Release|Any CPU.Build.0 = Release|Any CPU
	EndGlobalSection
	GlobalSection(SolutionProperties) = preSolution
		HideSolutionNode = FALSE
	EndGlobalSection
EndGlobal
